
Microsoft Visual Studio Solution File, Format Version 12.00
# Visual Studio Version 16
VisualStudioVersion = 16.0.30204.135
MinimumVisualStudioVersion = 10.0.40219.1
Project("{FAE04EC0-301F-11D3-BF4B-00C04F79EFBC}") = "ConsoleUI", "ConsoleUI\ConsoleUI.csproj", "{00E5E212-0A8D-4C75-98D6-688A00BC086F}"
EndProject
Project("{FAE04EC0-301F-11D3-BF4B-00C04F79EFBC}") = "BlazorServer", "BlazorServer\BlazorServer.csproj", "{DA300395-5584-4975-A972-0337E3AAB9B4}"
EndProject
Global
	GlobalSection(SolutionConfigurationPlatforms) = preSolution
		Debug|Any CPU = Debug|Any CPU
		Release|Any CPU = Release|Any CPU
	EndGlobalSection
	GlobalSection(ProjectConfigurationPlatforms) = postSolution
		{00E5E212-0A8D-4C75-98D6-688A00BC086F}.Debug|Any CPU.ActiveCfg = Debug|Any CPU
		{00E5E212-0A8D-4C75-98D6-688A00BC086F}.Debug|Any CPU.Build.0 = Debug|Any CPU
		{00E5E212-0A8D-4C75-98D6-688A00BC086F}.Release|Any CPU.ActiveCfg = Release|Any CPU
		{00E5E212-0A8D-4C75-98D6-688A00BC086F}.Release|Any CPU.Build.0 = Release|Any CPU
		{DA300395-5584-4975-A972-0337E3AAB9B4}.Debug|Any CPU.ActiveCfg = Debug|Any CPU
		{DA300395-5584-4975-A972-0337E3AAB9B4}.Debug|Any CPU.Build.0 = Debug|Any CPU
		{DA300395-5584-4975-A972-0337E3AAB9B4}.Release|Any CPU.ActiveCfg = Release|Any CPU
		{DA300395-5584-4975-A972-0337E3AAB9B4}.Release|Any CPU.Build.0 = Release|Any CPU
	EndGlobalSection
	GlobalSection(SolutionProperties) = preSolution
		HideSolutionNode = FALSE
	EndGlobalSection
	GlobalSection(ExtensibilityGlobals) = postSolution
		SolutionGuid = {11844CE6-C44A-492B-826C-D492514FCCB8}
	EndGlobalSection
EndGlobal
